
Microsoft Visual Studio Solution File, Format Version 12.00
# Visual Studio Version 16
VisualStudioVersion = 16.0.30907.101
MinimumVisualStudioVersion = 10.0.40219.1
Project("{9A19103F-16F7-4668-BE54-9A1E7A4F7556}") = "Ders3", "Ders3\Ders3.csproj", "{FAA5A399-69FD-4948-BF37-299274AACC6E}"
EndProject
Project("{9A19103F-16F7-4668-BE54-9A1E7A4F7556}") = "Matematik", "Matematik\Matematik.csproj", "{4EB84A77-C8CA-49E3-A28B-8E726A022180}"
EndProject
Project("{9A19103F-16F7-4668-BE54-9A1E7A4F7556}") = "DegerVeReferansTipler", "DegerVeReferansTipler\DegerVeReferansTipler.csproj", "{42348886-789D-4548-AA2B-E351EC5AC83A}"
EndProject
Project("{9A19103F-16F7-4668-BE54-9A1E7A4F7556}") = "Methods", "Methods\Methods.csproj", "{3EB3A866-23E1-4962-AA51-94620F04CCF3}"
EndProject
Project("{FAE04EC0-301F-11D3-BF4B-00C04F79EFBC}") = "Oop1", "Oop1\Oop1.csproj", "{0A76E918-9DE2-45DE-BF56-CE6E2B2B2727}"
EndProject
Project("{FAE04EC0-301F-11D3-BF4B-00C04F79EFBC}") = "Koleksiyonlar", "Koleksiyonlar\Koleksiyonlar.csproj", "{1F60F3C5-ECB3-4D71-BAAE-38C0D7286E3D}"
EndProject
Project("{FAE04EC0-301F-11D3-BF4B-00C04F79EFBC}") = "GenericsIntro", "GenericsIntro\GenericsIntro.csproj", "{731C8F87-CB1C-4472-8732-510FA1EA25ED}"
EndProject
Global
	GlobalSection(SolutionConfigurationPlatforms) = preSolution
		Debug|Any CPU = Debug|Any CPU
		Release|Any CPU = Release|Any CPU
	EndGlobalSection
	GlobalSection(ProjectConfigurationPlatforms) = postSolution
		{FAA5A399-69FD-4948-BF37-299274AACC6E}.Debug|Any CPU.ActiveCfg = Debug|Any CPU
		{FAA5A399-69FD-4948-BF37-299274AACC6E}.Debug|Any CPU.Build.0 = Debug|Any CPU
		{FAA5A399-69FD-4948-BF37-299274AACC6E}.Release|Any CPU.ActiveCfg = Release|Any CPU
		{FAA5A399-69FD-4948-BF37-299274AACC6E}.Release|Any CPU.Build.0 = Release|Any CPU
		{4EB84A77-C8CA-49E3-A28B-8E726A022180}.Debug|Any CPU.ActiveCfg = Debug|Any CPU
		{4EB84A77-C8CA-49E3-A28B-8E726A022180}.Debug|Any CPU.Build.0 = Debug|Any CPU
		{4EB84A77-C8CA-49E3-A28B-8E726A022180}.Release|Any CPU.ActiveCfg = Release|Any CPU
		{4EB84A77-C8CA-49E3-A28B-8E726A022180}.Release|Any CPU.Build.0 = Release|Any CPU
		{42348886-789D-4548-AA2B-E351EC5AC83A}.Debug|Any CPU.ActiveCfg = Debug|Any CPU
		{42348886-789D-4548-AA2B-E351EC5AC83A}.Debug|Any CPU.Build.0 = Debug|Any CPU
		{42348886-789D-4548-AA2B-E351EC5AC83A}.Release|Any CPU.ActiveCfg = Release|Any CPU
		{42348886-789D-4548-AA2B-E351EC5AC83A}.Release|Any CPU.Build.0 = Release|Any CPU
		{3EB3A866-23E1-4962-AA51-94620F04CCF3}.Debug|Any CPU.ActiveCfg = Debug|Any CPU
		{3EB3A866-23E1-4962-AA51-94620F04CCF3}.Debug|Any CPU.Build.0 = Debug|Any CPU
		{3EB3A866-23E1-4962-AA51-94620F04CCF3}.Release|Any CPU.ActiveCfg = Release|Any CPU
		{3EB3A866-23E1-4962-AA51-94620F04CCF3}.Release|Any CPU.Build.0 = Release|Any CPU
		{0A76E918-9DE2-45DE-BF56-CE6E2B2B2727}.Debug|Any CPU.ActiveCfg = Debug|Any CPU
		{0A76E918-9DE2-45DE-BF56-CE6E2B2B2727}.Debug|Any CPU.Build.0 = Debug|Any CPU
		{0A76E918-9DE2-45DE-BF56-CE6E2B2B2727}.Release|Any CPU.ActiveCfg = Release|Any CPU
		{0A76E918-9DE2-45DE-BF56-CE6E2B2B2727}.Release|Any CPU.Build.0 = Release|Any CPU
		{1F60F3C5-ECB3-4D71-BAAE-38C0D7286E3D}.Debug|Any CPU.ActiveCfg = Debug|Any CPU
		{1F60F3C5-ECB3-4D71-BAAE-38C0D7286E3D}.Debug|Any CPU.Build.0 = Debug|Any CPU
		{1F60F3C5-ECB3-4D71-BAAE-38C0D7286E3D}.Release|Any CPU.ActiveCfg = Release|Any CPU
		{1F60F3C5-ECB3-4D71-BAAE-38C0D7286E3D}.Release|Any CPU.Build.0 = Release|Any CPU
		{731C8F87-CB1C-4472-8732-510FA1EA25ED}.Debug|Any CPU.ActiveCfg = Debug|Any CPU
		{731C8F87-CB1C-4472-8732-510FA1EA25ED}.Debug|Any CPU.Build.0 = Debug|Any CPU
		{731C8F87-CB1C-4472-8732-510FA1EA25ED}.Release|Any CPU.ActiveCfg = Release|Any CPU
		{731C8F87-CB1C-4472-8732-510FA1EA25ED}.Release|Any CPU.Build.0 = Release|Any CPU
	EndGlobalSection
	GlobalSection(SolutionProperties) = preSolution
		HideSolutionNode = FALSE
	EndGlobalSection
	GlobalSection(ExtensibilityGlobals) = postSolution
		SolutionGuid = {B8589BA3-199C-4BC3-97DC-19FD33F8A430}
	EndGlobalSection
EndGlobal
